// !$*UTF8*$!
{
	archiveVersion = 1;
	classes = {
	};
	objectVersion = 46;
	objects = {

/* Begin PBXBuildFile section */
		62A7B8D11F4E7B61000B48B5 /* main.m in Sources */ = {isa = PBXBuildFile; fileRef = 62A7B8D01F4E7B61000B48B5 /* main.m */; };
		62A7B8D41F4E7B61000B48B5 /* AppDelegate.m in Sources */ = {isa = PBXBuildFile; fileRef = 62A7B8D31F4E7B61000B48B5 /* AppDelegate.m */; };
		62A7B8DA1F4E7B61000B48B5 /* Main.storyboard in Resources */ = {isa = PBXBuildFile; fileRef = 62A7B8D81F4E7B61000B48B5 /* Main.storyboard */; };
		62A7B8DC1F4E7B61000B48B5 /* Assets.xcassets in Resources */ = {isa = PBXBuildFile; fileRef = 62A7B8DB1F4E7B61000B48B5 /* Assets.xcassets */; };
		62A7B8DF1F4E7B61000B48B5 /* LaunchScreen.storyboard in Resources */ = {isa = PBXBuildFile; fileRef = 62A7B8DD1F4E7B61000B48B5 /* LaunchScreen.storyboard */; };
		62A7B8E81F4E7E6C000B48B5 /* XXBAVRecoderController.m in Sources */ = {isa = PBXBuildFile; fileRef = 62A7B8E71F4E7E6C000B48B5 /* XXBAVRecoderController.m */; };
		62A7B8EB1F4E7E84000B48B5 /* XXBXBRecoderController.m in Sources */ = {isa = PBXBuildFile; fileRef = 62A7B8EA1F4E7E84000B48B5 /* XXBXBRecoderController.m */; };
		62A7B8F71F4E81AD000B48B5 /* XXBAudioRecoder.m in Sources */ = {isa = PBXBuildFile; fileRef = 62A7B8F61F4E81AD000B48B5 /* XXBAudioRecoder.m */; };
		62A7B8FA1F4E81CE000B48B5 /* XXBAVRecoder.m in Sources */ = {isa = PBXBuildFile; fileRef = 62A7B8F91F4E81CE000B48B5 /* XXBAVRecoder.m */; };
		62A7B8FD1F4E9B6D000B48B5 /* XXBAudioToolboxRecoder.m in Sources */ = {isa = PBXBuildFile; fileRef = 62A7B8FC1F4E9B6D000B48B5 /* XXBAudioToolboxRecoder.m */; };
		62A7B9001F4E9ECF000B48B5 /* XXBAudioPlayer.m in Sources */ = {isa = PBXBuildFile; fileRef = 62A7B8FF1F4E9ECF000B48B5 /* XXBAudioPlayer.m */; };
		62A7B9031F4EA06A000B48B5 /* XXBFileHelper.m in Sources */ = {isa = PBXBuildFile; fileRef = 62A7B9021F4EA06A000B48B5 /* XXBFileHelper.m */; };
		97C5F25E7812156759F14F40 /* libPods-XXBVideoRecoderDemo.a in Frameworks */ = {isa = PBXBuildFile; fileRef = 31268441C0AF153B1F74DDF1 /* libPods-XXBVideoRecoderDemo.a */; };
/* End PBXBuildFile section */

/* Begin PBXFileReference section */
		12A86834F03B381F829BED43 /* Pods-XXBVideoRecoderDemo.release.xcconfig */ = {isa = PBXFileReference; includeInIndex = 1; lastKnownFileType = text.xcconfig; name = "Pods-XXBVideoRecoderDemo.release.xcconfig"; path = "Pods/Target Support Files/Pods-XXBVideoRecoderDemo/Pods-XXBVideoRecoderDemo.release.xcconfig"; sourceTree = "<group>"; };
		31268441C0AF153B1F74DDF1 /* libPods-XXBVideoRecoderDemo.a */ = {isa = PBXFileReference; explicitFileType = archive.ar; includeInIndex = 0; path = "libPods-XXBVideoRecoderDemo.a"; sourceTree = BUILT_PRODUCTS_DIR; };
		62A7B8CC1F4E7B61000B48B5 /* XXBVideoRecoderDemo.app */ = {isa = PBXFileReference; explicitFileType = wrapper.application; includeInIndex = 0; path = XXBVideoRecoderDemo.app; sourceTree = BUILT_PRODUCTS_DIR; };
		62A7B8D01F4E7B61000B48B5 /* main.m */ = {isa = PBXFileReference; lastKnownFileType = sourcecode.c.objc; path = main.m; sourceTree = "<group>"; };
		62A7B8D21F4E7B61000B48B5 /* AppDelegate.h */ = {isa = PBXFileReference; lastKnownFileType = sourcecode.c.h; path = AppDelegate.h; sourceTree = "<group>"; };
		62A7B8D31F4E7B61000B48B5 /* AppDelegate.m */ = {isa = PBXFileReference; lastKnownFileType = sourcecode.c.objc; path = AppDelegate.m; sourceTree = "<group>"; };
		62A7B8D91F4E7B61000B48B5 /* Base */ = {isa = PBXFileReference; lastKnownFileType = file.storyboard; name = Base; path = Base.lproj/Main.storyboard; sourceTree = "<group>"; };
		62A7B8DB1F4E7B61000B48B5 /* Assets.xcassets */ = {isa = PBXFileReference; lastKnownFileType = folder.assetcatalog; path = Assets.xcassets; sourceTree = "<group>"; };
		62A7B8DE1F4E7B61000B48B5 /* Base */ = {isa = PBXFileReference; lastKnownFileType = file.storyboard; name = Base; path = Base.lproj/LaunchScreen.storyboard; sourceTree = "<group>"; };
		62A7B8E01F4E7B61000B48B5 /* Info.plist */ = {isa = PBXFileReference; lastKnownFileType = text.plist.xml; path = Info.plist; sourceTree = "<group>"; };
		62A7B8E61F4E7E6C000B48B5 /* XXBAVRecoderController.h */ = {isa = PBXFileReference; fileEncoding = 4; lastKnownFileType = sourcecode.c.h; path = XXBAVRecoderController.h; sourceTree = "<group>"; };
		62A7B8E71F4E7E6C000B48B5 /* XXBAVRecoderController.m */ = {isa = PBXFileReference; fileEncoding = 4; lastKnownFileType = sourcecode.c.objc; path = XXBAVRecoderController.m; sourceTree = "<group>"; };
		62A7B8E91F4E7E84000B48B5 /* XXBXBRecoderController.h */ = {isa = PBXFileReference; fileEncoding = 4; lastKnownFileType = sourcecode.c.h; path = XXBXBRecoderController.h; sourceTree = "<group>"; };
		62A7B8EA1F4E7E84000B48B5 /* XXBXBRecoderController.m */ = {isa = PBXFileReference; fileEncoding = 4; lastKnownFileType = sourcecode.c.objc; path = XXBXBRecoderController.m; sourceTree = "<group>"; };
		62A7B8F51F4E81AD000B48B5 /* XXBAudioRecoder.h */ = {isa = PBXFileReference; fileEncoding = 4; lastKnownFileType = sourcecode.c.h; path = XXBAudioRecoder.h; sourceTree = "<group>"; };
		62A7B8F61F4E81AD000B48B5 /* XXBAudioRecoder.m */ = {isa = PBXFileReference; fileEncoding = 4; lastKnownFileType = sourcecode.c.objc; path = XXBAudioRecoder.m; sourceTree = "<group>"; };
		62A7B8F81F4E81CE000B48B5 /* XXBAVRecoder.h */ = {isa = PBXFileReference; fileEncoding = 4; lastKnownFileType = sourcecode.c.h; path = XXBAVRecoder.h; sourceTree = "<group>"; };
		62A7B8F91F4E81CE000B48B5 /* XXBAVRecoder.m */ = {isa = PBXFileReference; fileEncoding = 4; lastKnownFileType = sourcecode.c.objc; path = XXBAVRecoder.m; sourceTree = "<group>"; };
		62A7B8FB1F4E9B6D000B48B5 /* XXBAudioToolboxRecoder.h */ = {isa = PBXFileReference; fileEncoding = 4; lastKnownFileType = sourcecode.c.h; path = XXBAudioToolboxRecoder.h; sourceTree = "<group>"; };
		62A7B8FC1F4E9B6D000B48B5 /* XXBAudioToolboxRecoder.m */ = {isa = PBXFileReference; fileEncoding = 4; lastKnownFileType = sourcecode.c.objc; path = XXBAudioToolboxRecoder.m; sourceTree = "<group>"; };
		62A7B8FE1F4E9ECF000B48B5 /* XXBAudioPlayer.h */ = {isa = PBXFileReference; fileEncoding = 4; lastKnownFileType = sourcecode.c.h; path = XXBAudioPlayer.h; sourceTree = "<group>"; };
		62A7B8FF1F4E9ECF000B48B5 /* XXBAudioPlayer.m */ = {isa = PBXFileReference; fileEncoding = 4; lastKnownFileType = sourcecode.c.objc; path = XXBAudioPlayer.m; sourceTree = "<group>"; };
		62A7B9011F4EA06A000B48B5 /* XXBFileHelper.h */ = {isa = PBXFileReference; fileEncoding = 4; lastKnownFileType = sourcecode.c.h; path = XXBFileHelper.h; sourceTree = "<group>"; };
		62A7B9021F4EA06A000B48B5 /* XXBFileHelper.m */ = {isa = PBXFileReference; fileEncoding = 4; lastKnownFileType = sourcecode.c.objc; path = XXBFileHelper.m; sourceTree = "<group>"; };
		6464C1C1B5C88B3492BF0FAA /* Pods-XXBVideoRecoderDemo.debug.xcconfig */ = {isa = PBXFileReference; includeInIndex = 1; lastKnownFileType = text.xcconfig; name = "Pods-XXBVideoRecoderDemo.debug.xcconfig"; path = "Pods/Target Support Files/Pods-XXBVideoRecoderDemo/Pods-XXBVideoRecoderDemo.debug.xcconfig"; sourceTree = "<group>"; };
/* End PBXFileReference section */

/* Begin PBXFrameworksBuildPhase section */
		62A7B8C91F4E7B61000B48B5 /* Frameworks */ = {
			isa = PBXFrameworksBuildPhase;
			buildActionMask = 2147483647;
			files = (
				97C5F25E7812156759F14F40 /* libPods-XXBVideoRecoderDemo.a in Frameworks */,
			);
			runOnlyForDeploymentPostprocessing = 0;
		};
/* End PBXFrameworksBuildPhase section */

/* Begin PBXGroup section */
		20348935C71143F008013862 /* Frameworks */ = {
			isa = PBXGroup;
			children = (
				31268441C0AF153B1F74DDF1 /* libPods-XXBVideoRecoderDemo.a */,
			);
			name = Frameworks;
			sourceTree = "<group>";
		};
		62A7B8C31F4E7B61000B48B5 = {
			isa = PBXGroup;
			children = (
				62A7B8CE1F4E7B61000B48B5 /* XXBVideoRecoderDemo */,
				62A7B8CD1F4E7B61000B48B5 /* Products */,
				AF4A59214A7B78D560BF047E /* Pods */,
				20348935C71143F008013862 /* Frameworks */,
			);
			sourceTree = "<group>";
		};
		62A7B8CD1F4E7B61000B48B5 /* Products */ = {
			isa = PBXGroup;
			children = (
				62A7B8CC1F4E7B61000B48B5 /* XXBVideoRecoderDemo.app */,
			);
			name = Products;
			sourceTree = "<group>";
		};
		62A7B8CE1F4E7B61000B48B5 /* XXBVideoRecoderDemo */ = {
			isa = PBXGroup;
			children = (
				62A7B8EC1F4E7E9B000B48B5 /* XXBVideoRecoder */,
				62A7B8D21F4E7B61000B48B5 /* AppDelegate.h */,
				62A7B8D31F4E7B61000B48B5 /* AppDelegate.m */,
				62A7B8D81F4E7B61000B48B5 /* Main.storyboard */,
				62A7B8DB1F4E7B61000B48B5 /* Assets.xcassets */,
				62A7B8DD1F4E7B61000B48B5 /* LaunchScreen.storyboard */,
				62A7B8E01F4E7B61000B48B5 /* Info.plist */,
				62A7B8CF1F4E7B61000B48B5 /* Supporting Files */,
				62A7B8E61F4E7E6C000B48B5 /* XXBAVRecoderController.h */,
				62A7B8E71F4E7E6C000B48B5 /* XXBAVRecoderController.m */,
				62A7B8E91F4E7E84000B48B5 /* XXBXBRecoderController.h */,
				62A7B8EA1F4E7E84000B48B5 /* XXBXBRecoderController.m */,
			);
			path = XXBVideoRecoderDemo;
			sourceTree = "<group>";
		};
		62A7B8CF1F4E7B61000B48B5 /* Supporting Files */ = {
			isa = PBXGroup;
			children = (
				62A7B8D01F4E7B61000B48B5 /* main.m */,
			);
			name = "Supporting Files";
			sourceTree = "<group>";
		};
		62A7B8EC1F4E7E9B000B48B5 /* XXBVideoRecoder */ = {
			isa = PBXGroup;
			children = (
				62A7B8F51F4E81AD000B48B5 /* XXBAudioRecoder.h */,
				62A7B8F61F4E81AD000B48B5 /* XXBAudioRecoder.m */,
				62A7B8FE1F4E9ECF000B48B5 /* XXBAudioPlayer.h */,
				62A7B8FF1F4E9ECF000B48B5 /* XXBAudioPlayer.m */,
				62A7B9011F4EA06A000B48B5 /* XXBFileHelper.h */,
				62A7B9021F4EA06A000B48B5 /* XXBFileHelper.m */,
				62A7B8EE1F4E7F2B000B48B5 /* AudioToolbox */,
				62A7B8ED1F4E7EC7000B48B5 /* AVFoundation */,
			);
			name = XXBVideoRecoder;
			path = ../../XXBVideoRecoder;
			sourceTree = "<group>";
		};
		62A7B8ED1F4E7EC7000B48B5 /* AVFoundation */ = {
			isa = PBXGroup;
			children = (
				62A7B8F81F4E81CE000B48B5 /* XXBAVRecoder.h */,
				62A7B8F91F4E81CE000B48B5 /* XXBAVRecoder.m */,
			);
			path = AVFoundation;
			sourceTree = "<group>";
		};
		62A7B8EE1F4E7F2B000B48B5 /* AudioToolbox */ = {
			isa = PBXGroup;
			children = (
				62A7B8FB1F4E9B6D000B48B5 /* XXBAudioToolboxRecoder.h */,
				62A7B8FC1F4E9B6D000B48B5 /* XXBAudioToolboxRecoder.m */,
			);
			path = AudioToolbox;
			sourceTree = "<group>";
		};
		AF4A59214A7B78D560BF047E /* Pods */ = {
			isa = PBXGroup;
			children = (
				6464C1C1B5C88B3492BF0FAA /* Pods-XXBVideoRecoderDemo.debug.xcconfig */,
				12A86834F03B381F829BED43 /* Pods-XXBVideoRecoderDemo.release.xcconfig */,
			);
			name = Pods;
			sourceTree = "<group>";
		};
/* End PBXGroup section */

/* Begin PBXNativeTarget section */
		62A7B8CB1F4E7B61000B48B5 /* XXBVideoRecoderDemo */ = {
			isa = PBXNativeTarget;
			buildConfigurationList = 62A7B8E31F4E7B61000B48B5 /* Build configuration list for PBXNativeTarget "XXBVideoRecoderDemo" */;
			buildPhases = (
				0D329C75AD73DEDCFED6C622 /* [CP] Check Pods Manifest.lock */,
				62A7B8C81F4E7B61000B48B5 /* Sources */,
				62A7B8C91F4E7B61000B48B5 /* Frameworks */,
				62A7B8CA1F4E7B61000B48B5 /* Resources */,
				0809EE76EA23883E9843E56B /* [CP] Embed Pods Frameworks */,
				40942F0BE739BC50CA9CE96C /* [CP] Copy Pods Resources */,
			);
			buildRules = (
			);
			dependencies = (
			);
			name = XXBVideoRecoderDemo;
			productName = XXBVideoRecoderDemo;
			productReference = 62A7B8CC1F4E7B61000B48B5 /* XXBVideoRecoderDemo.app */;
			productType = "com.apple.product-type.application";
		};
/* End PBXNativeTarget section */

/* Begin PBXProject section */
		62A7B8C41F4E7B61000B48B5 /* Project object */ = {
			isa = PBXProject;
			attributes = {
				LastUpgradeCheck = 0830;
				ORGANIZATIONNAME = xiaobing;
				TargetAttributes = {
					62A7B8CB1F4E7B61000B48B5 = {
						CreatedOnToolsVersion = 8.3.3;
						DevelopmentTeam = 94ZS59957Y;
						ProvisioningStyle = Manual;
					};
				};
			};
			buildConfigurationList = 62A7B8C71F4E7B61000B48B5 /* Build configuration list for PBXProject "XXBVideoRecoderDemo" */;
			compatibilityVersion = "Xcode 3.2";
			developmentRegion = English;
			hasScannedForEncodings = 0;
			knownRegions = (
				en,
				Base,
			);
			mainGroup = 62A7B8C31F4E7B61000B48B5;
			productRefGroup = 62A7B8CD1F4E7B61000B48B5 /* Products */;
			projectDirPath = "";
			projectRoot = "";
			targets = (
				62A7B8CB1F4E7B61000B48B5 /* XXBVideoRecoderDemo */,
			);
		};
/* End PBXProject section */

/* Begin PBXResourcesBuildPhase section */
		62A7B8CA1F4E7B61000B48B5 /* Resources */ = {
			isa = PBXResourcesBuildPhase;
			buildActionMask = 2147483647;
			files = (
				62A7B8DF1F4E7B61000B48B5 /* LaunchScreen.storyboard in Resources */,
				62A7B8DC1F4E7B61000B48B5 /* Assets.xcassets in Resources */,
				62A7B8DA1F4E7B61000B48B5 /* Main.storyboard in Resources */,
			);
			runOnlyForDeploymentPostprocessing = 0;
		};
/* End PBXResourcesBuildPhase section */

/* Begin PBXShellScriptBuildPhase section */
		0809EE76EA23883E9843E56B /* [CP] Embed Pods Frameworks */ = {
			isa = PBXShellScriptBuildPhase;
			buildActionMask = 2147483647;
			files = (
			);
			inputPaths = (
			);
			name = "[CP] Embed Pods Frameworks";
			outputPaths = (
			);
			runOnlyForDeploymentPostprocessing = 0;
			shellPath = /bin/sh;
			shellScript = "\"${SRCROOT}/Pods/Target Support Files/Pods-XXBVideoRecoderDemo/Pods-XXBVideoRecoderDemo-frameworks.sh\"\n";
			showEnvVarsInLog = 0;
		};
		0D329C75AD73DEDCFED6C622 /* [CP] Check Pods Manifest.lock */ = {
			isa = PBXShellScriptBuildPhase;
			buildActionMask = 2147483647;
			files = (
			);
			inputPaths = (
			);
			name = "[CP] Check Pods Manifest.lock";
			outputPaths = (
			);
			runOnlyForDeploymentPostprocessing = 0;
			shellPath = /bin/sh;
			shellScript = "diff \"${PODS_PODFILE_DIR_PATH}/Podfile.lock\" \"${PODS_ROOT}/Manifest.lock\" > /dev/null\nif [ $? != 0 ] ; then\n    # print error to STDERR\n    echo \"error: The sandbox is not in sync with the Podfile.lock. Run 'pod install' or update your CocoaPods installation.\" >&2\n    exit 1\nfi\n";
			showEnvVarsInLog = 0;
		};
		40942F0BE739BC50CA9CE96C /* [CP] Copy Pods Resources */ = {
			isa = PBXShellScriptBuildPhase;
			buildActionMask = 2147483647;
			files = (
			);
			inputPaths = (
			);
			name = "[CP] Copy Pods Resources";
			outputPaths = (
			);
			runOnlyForDeploymentPostprocessing = 0;
			shellPath = /bin/sh;
			shellScript = "\"${SRCROOT}/Pods/Target Support Files/Pods-XXBVideoRecoderDemo/Pods-XXBVideoRecoderDemo-resources.sh\"\n";
			showEnvVarsInLog = 0;
		};
/* End PBXShellScriptBuildPhase section */

/* Begin PBXSourcesBuildPhase section */
		62A7B8C81F4E7B61000B48B5 /* Sources */ = {
			isa = PBXSourcesBuildPhase;
			buildActionMask = 2147483647;
			files = (
				62A7B8FD1F4E9B6D000B48B5 /* XXBAudioToolboxRecoder.m in Sources */,
				62A7B8D41F4E7B61000B48B5 /* AppDelegate.m in Sources */,
				62A7B8E81F4E7E6C000B48B5 /* XXBAVRecoderController.m in Sources */,
				62A7B9031F4EA06A000B48B5 /* XXBFileHelper.m in Sources */,
				62A7B8D11F4E7B61000B48B5 /* main.m in Sources */,
				62A7B9001F4E9ECF000B48B5 /* XXBAudioPlayer.m in Sources */,
				62A7B8F71F4E81AD000B48B5 /* XXBAudioRecoder.m in Sources */,
				62A7B8FA1F4E81CE000B48B5 /* XXBAVRecoder.m in Sources */,
				62A7B8EB1F4E7E84000B48B5 /* XXBXBRecoderController.m in Sources */,
			);
			runOnlyForDeploymentPostprocessing = 0;
		};
/* End PBXSourcesBuildPhase section */

/* Begin PBXVariantGroup section */
		62A7B8D81F4E7B61000B48B5 /* Main.storyboard */ = {
			isa = PBXVariantGroup;
			children = (
				62A7B8D91F4E7B61000B48B5 /* Base */,
			);
			name = Main.storyboard;
			sourceTree = "<group>";
		};
		62A7B8DD1F4E7B61000B48B5 /* LaunchScreen.storyboard */ = {
			isa = PBXVariantGroup;
			children = (
				62A7B8DE1F4E7B61000B48B5 /* Base */,
			);
			name = LaunchScreen.storyboard;
			sourceTree = "<group>";
		};
/* End PBXVariantGroup section */

/* Begin XCBuildConfiguration section */
		62A7B8E11F4E7B61000B48B5 /* Debug */ = {
			isa = XCBuildConfiguration;
			buildSettings = {
				ALWAYS_SEARCH_USER_PATHS = NO;
				CLANG_ANALYZER_NONNULL = YES;
				CLANG_ANALYZER_NUMBER_OBJECT_CONVERSION = YES_AGGRESSIVE;
				CLANG_CXX_LANGUAGE_STANDARD = "gnu++0x";
				CLANG_CXX_LIBRARY = "libc++";
				CLANG_ENABLE_MODULES = YES;
				CLANG_ENABLE_OBJC_ARC = YES;
				CLANG_WARN_BOOL_CONVERSION = YES;
				CLANG_WARN_CONSTANT_CONVERSION = YES;
				CLANG_WARN_DIRECT_OBJC_ISA_USAGE = YES_ERROR;
				CLANG_WARN_DOCUMENTATION_COMMENTS = YES;
				CLANG_WARN_EMPTY_BODY = YES;
				CLANG_WARN_ENUM_CONVERSION = YES;
				CLANG_WARN_INFINITE_RECURSION = YES;
				CLANG_WARN_INT_CONVERSION = YES;
				CLANG_WARN_OBJC_ROOT_CLASS = YES_ERROR;
				CLANG_WARN_SUSPICIOUS_MOVE = YES;
				CLANG_WARN_UNREACHABLE_CODE = YES;
				CLANG_WARN__DUPLICATE_METHOD_MATCH = YES;
				"CODE_SIGN_IDENTITY[sdk=iphoneos*]" = "iPhone Developer";
				COPY_PHASE_STRIP = NO;
				DEBUG_INFORMATION_FORMAT = dwarf;
				ENABLE_STRICT_OBJC_MSGSEND = YES;
				ENABLE_TESTABILITY = YES;
				GCC_C_LANGUAGE_STANDARD = gnu99;
				GCC_DYNAMIC_NO_PIC = NO;
				GCC_NO_COMMON_BLOCKS = YES;
				GCC_OPTIMIZATION_LEVEL = 0;
				GCC_PREPROCESSOR_DEFINITIONS = (
					"DEBUG=1",
					"$(inherited)",
				);
				GCC_WARN_64_TO_32_BIT_CONVERSION = YES;
				GCC_WARN_ABOUT_RETURN_TYPE = YES_ERROR;
				GCC_WARN_UNDECLARED_SELECTOR = YES;
				GCC_WARN_UNINITIALIZED_AUTOS = YES_AGGRESSIVE;
				GCC_WARN_UNUSED_FUNCTION = YES;
				GCC_WARN_UNUSED_VARIABLE = YES;
				IPHONEOS_DEPLOYMENT_TARGET = 10.3;
				MTL_ENABLE_DEBUG_INFO = YES;
				ONLY_ACTIVE_ARCH = YES;
				SDKROOT = iphoneos;
			};
			name = Debug;
		};
		62A7B8E21F4E7B61000B48B5 /* Release */ = {
			isa = XCBuildConfiguration;
			buildSettings = {
				ALWAYS_SEARCH_USER_PATHS = NO;
				CLANG_ANALYZER_NONNULL = YES;
				CLANG_ANALYZER_NUMBER_OBJECT_CONVERSION = YES_AGGRESSIVE;
				CLANG_CXX_LANGUAGE_STANDARD = "gnu++0x";
				CLANG_CXX_LIBRARY = "libc++";
				CLANG_ENABLE_MODULES = YES;
				CLANG_ENABLE_OBJC_ARC = YES;
				CLANG_WARN_BOOL_CONVERSION = YES;
				CLANG_WARN_CONSTANT_CONVERSION = YES;
				CLANG_WARN_DIRECT_OBJC_ISA_USAGE = YES_ERROR;
				CLANG_WARN_DOCUMENTATION_COMMENTS = YES;
				CLANG_WARN_EMPTY_BODY = YES;
				CLANG_WARN_ENUM_CONVERSION = YES;
				CLANG_WARN_INFINITE_RECURSION = YES;
				CLANG_WARN_INT_CONVERSION = YES;
				CLANG_WARN_OBJC_ROOT_CLASS = YES_ERROR;
				CLANG_WARN_SUSPICIOUS_MOVE = YES;
				CLANG_WARN_UNREACHABLE_CODE = YES;
				CLANG_WARN__DUPLICATE_METHOD_MATCH = YES;
				"CODE_SIGN_IDENTITY[sdk=iphoneos*]" = "iPhone Developer";
				COPY_PHASE_STRIP = NO;
				DEBUG_INFORMATION_FORMAT = "dwarf-with-dsym";
				ENABLE_NS_ASSERTIONS = NO;
				ENABLE_STRICT_OBJC_MSGSEND = YES;
				GCC_C_LANGUAGE_STANDARD = gnu99;
				GCC_NO_COMMON_BLOCKS = YES;
				GCC_WARN_64_TO_32_BIT_CONVERSION = YES;
				GCC_WARN_ABOUT_RETURN_TYPE = YES_ERROR;
				GCC_WARN_UNDECLARED_SELECTOR = YES;
				GCC_WARN_UNINITIALIZED_AUTOS = YES_AGGRESSIVE;
				GCC_WARN_UNUSED_FUNCTION = YES;
				GCC_WARN_UNUSED_VARIABLE = YES;
				IPHONEOS_DEPLOYMENT_TARGET = 10.3;
				MTL_ENABLE_DEBUG_INFO = NO;
				SDKROOT = iphoneos;
				VALIDATE_PRODUCT = YES;
			};
			name = Release;
		};
		62A7B8E41F4E7B61000B48B5 /* Debug */ = {
			isa = XCBuildConfiguration;
			baseConfigurationReference = 6464C1C1B5C88B3492BF0FAA /* Pods-XXBVideoRecoderDemo.debug.xcconfig */;
			buildSettings = {
				ASSETCATALOG_COMPILER_APPICON_NAME = AppIcon;
				DEVELOPMENT_TEAM = 94ZS59957Y;
				INFOPLIST_FILE = XXBVideoRecoderDemo/Info.plist;
				LD_RUNPATH_SEARCH_PATHS = "$(inherited) @executable_path/Frameworks";
				PRODUCT_BUNDLE_IDENTIFIER = com.baidu.XXBVideoRecoderDemo;
				PRODUCT_NAME = "$(TARGET_NAME)";
				PROVISIONING_PROFILE = "01891aba-691a-4192-887f-f87a38016117";
				PROVISIONING_PROFILE_SPECIFIER = BAIDU_APP_DEV;
			};
			name = Debug;
		};
		62A7B8E51F4E7B61000B48B5 /* Release */ = {
			isa = XCBuildConfiguration;
			baseConfigurationReference = 12A86834F03B381F829BED43 /* Pods-XXBVideoRecoderDemo.release.xcconfig */;
			buildSettings = {
				ASSETCATALOG_COMPILER_APPICON_NAME = AppIcon;
				DEVELOPMENT_TEAM = "";
				INFOPLIST_FILE = XXBVideoRecoderDemo/Info.plist;
				LD_RUNPATH_SEARCH_PATHS = "$(inherited) @executable_path/Frameworks";
				PRODUCT_BUNDLE_IDENTIFIER = com.baidu.XXBVideoRecoderDemo;
				PRODUCT_NAME = "$(TARGET_NAME)";
				PROVISIONING_PROFILE_SPECIFIER = "";
			};
			name = Release;
		};
/* End XCBuildConfiguration section */

/* Begin XCConfigurationList section */
		62A7B8C71F4E7B61000B48B5 /* Build configuration list for PBXProject "XXBVideoRecoderDemo" */ = {
			isa = XCConfigurationList;
			buildConfigurations = (
				62A7B8E11F4E7B61000B48B5 /* Debug */,
				62A7B8E21F4E7B61000B48B5 /* Release */,
			);
			defaultConfigurationIsVisible = 0;
			defaultConfigurationName = Release;
		};
		62A7B8E31F4E7B61000B48B5 /* Build configuration list for PBXNativeTarget "XXBVideoRecoderDemo" */ = {
			isa = XCConfigurationList;
			buildConfigurations = (
				62A7B8E41F4E7B61000B48B5 /* Debug */,
				62A7B8E51F4E7B61000B48B5 /* Release */,
			);
			defaultConfigurationIsVisible = 0;
			defaultConfigurationName = Release;
		};
/* End XCConfigurationList section */
	};
	rootObject = 62A7B8C41F4E7B61000B48B5 /* Project object */;
}
